// !$*UTF8*$!
{
	archiveVersion = 1;
	classes = {
	};
	objectVersion = 46;
	objects = {

/* Begin PBXBuildFile section */
		3A1AAA071A0DE812000D9D39 /* AAPersistentFunctions.m in Sources */ = {isa = PBXBuildFile; fileRef = 3A1AAA061A0DE812000D9D39 /* AAPersistentFunctions.m */; };
		3A1AAA091A0EA212000D9D39 /* AAPersistentUtils.m in Sources */ = {isa = PBXBuildFile; fileRef = 3A1AAA081A0EA212000D9D39 /* AAPersistentUtils.m */; };
		3A1AAA0A1A0EA212000D9D39 /* AAPersistentUtils.m in Sources */ = {isa = PBXBuildFile; fileRef = 3A1AAA081A0EA212000D9D39 /* AAPersistentUtils.m */; };
		3A1AAA0C1A0EAE98000D9D39 /* Persistent.podspec in Resources */ = {isa = PBXBuildFile; fileRef = 3A1AAA0B1A0EAE98000D9D39 /* Persistent.podspec */; };
		3A29EC4A19DC5E0E006643CB /* main.m in Sources */ = {isa = PBXBuildFile; fileRef = 3A29EC4919DC5E0E006643CB /* main.m */; };
		3A29EC5A19DC7251006643CB /* AAVNode.m in Sources */ = {isa = PBXBuildFile; fileRef = 3A29EC5919DC7251006643CB /* AAVNode.m */; };
		3A29EC5E19DC72F0006643CB /* AAOwner.m in Sources */ = {isa = PBXBuildFile; fileRef = 3A29EC5D19DC72F0006643CB /* AAOwner.m */; };
		3A588B8719DFADAA00746226 /* AABool.m in Sources */ = {isa = PBXBuildFile; fileRef = 3A588B8619DFADAA00746226 /* AABool.m */; };
		3A588B8A19DFCB8500746226 /* AATransientVector.m in Sources */ = {isa = PBXBuildFile; fileRef = 3A588B8919DFCB8500746226 /* AATransientVector.m */; };
		3A588B8D19DFCC9F00746226 /* AAPersistentVector.m in Sources */ = {isa = PBXBuildFile; fileRef = 3A588B8C19DFCC9F00746226 /* AAPersistentVector.m */; };
		3A588B9819DFD56500746226 /* PersistentTests.m in Sources */ = {isa = PBXBuildFile; fileRef = 3A588B9719DFD56500746226 /* PersistentTests.m */; };
		3A588B9D19DFD58A00746226 /* AAPersistentVectorClass.m in Sources */ = {isa = PBXBuildFile; fileRef = 3A588B9C19DFD58A00746226 /* AAPersistentVectorClass.m */; };
		3A588BA019E055BB00746226 /* AAVNode.m in Sources */ = {isa = PBXBuildFile; fileRef = 3A29EC5919DC7251006643CB /* AAVNode.m */; };
		3A588BA119E055BB00746226 /* AAOwner.m in Sources */ = {isa = PBXBuildFile; fileRef = 3A29EC5D19DC72F0006643CB /* AAOwner.m */; };
		3A588BA219E055BB00746226 /* AABool.m in Sources */ = {isa = PBXBuildFile; fileRef = 3A588B8619DFADAA00746226 /* AABool.m */; };
		3A588BA319E055BB00746226 /* AATransientVector.m in Sources */ = {isa = PBXBuildFile; fileRef = 3A588B8919DFCB8500746226 /* AATransientVector.m */; };
		3A588BA419E055BB00746226 /* AAPersistentVector.m in Sources */ = {isa = PBXBuildFile; fileRef = 3A588B8C19DFCC9F00746226 /* AAPersistentVector.m */; };
		3A846FF21A0B5C1000D2784E /* AAVectorIterator.m in Sources */ = {isa = PBXBuildFile; fileRef = 3A846FF11A0B5C1000D2784E /* AAVectorIterator.m */; };
		3A846FF31A0B5C1300D2784E /* AAVectorIterator.m in Sources */ = {isa = PBXBuildFile; fileRef = 3A846FF11A0B5C1000D2784E /* AAVectorIterator.m */; };
		3A846FF61A0BF3D700D2784E /* AASameHashObject.m in Sources */ = {isa = PBXBuildFile; fileRef = 3A846FF51A0BF3D700D2784E /* AASameHashObject.m */; };
		3A846FF91A0C475A00D2784E /* AABaseVector.m in Sources */ = {isa = PBXBuildFile; fileRef = 3A846FF81A0C475A00D2784E /* AABaseVector.m */; };
		3A846FFA1A0C475A00D2784E /* AABaseVector.m in Sources */ = {isa = PBXBuildFile; fileRef = 3A846FF81A0C475A00D2784E /* AABaseVector.m */; };
		3AAF01321A0DCE4600ECB260 /* AAPersistentFunctions.m in Sources */ = {isa = PBXBuildFile; fileRef = 3AAF01311A0DCE4600ECB260 /* AAPersistentFunctions.m */; };
		3AAF01331A0DCE4600ECB260 /* AAPersistentFunctions.m in Sources */ = {isa = PBXBuildFile; fileRef = 3AAF01311A0DCE4600ECB260 /* AAPersistentFunctions.m */; };
		3AB37F8A1A09DC2E007D4F09 /* AAMapNodeIterator.m in Sources */ = {isa = PBXBuildFile; fileRef = 3AB37F891A09DC2E007D4F09 /* AAMapNodeIterator.m */; };
		3AB37F8B1A09DC2E007D4F09 /* AAMapNodeIterator.m in Sources */ = {isa = PBXBuildFile; fileRef = 3AB37F891A09DC2E007D4F09 /* AAMapNodeIterator.m */; };
		3AB37F921A0A0A25007D4F09 /* AAMapArrayNodeIterator.m in Sources */ = {isa = PBXBuildFile; fileRef = 3AB37F911A0A0A25007D4F09 /* AAMapArrayNodeIterator.m */; };
		3AB37F931A0A0A25007D4F09 /* AAMapArrayNodeIterator.m in Sources */ = {isa = PBXBuildFile; fileRef = 3AB37F911A0A0A25007D4F09 /* AAMapArrayNodeIterator.m */; };
		3AB37F961A0AB43A007D4F09 /* AASetIterator.m in Sources */ = {isa = PBXBuildFile; fileRef = 3AB37F951A0AB43A007D4F09 /* AASetIterator.m */; };
		3AB37F971A0AB43A007D4F09 /* AASetIterator.m in Sources */ = {isa = PBXBuildFile; fileRef = 3AB37F951A0AB43A007D4F09 /* AASetIterator.m */; };
		3AF8835C19FB7B7C00687633 /* AABitmapIndexedNode.m in Sources */ = {isa = PBXBuildFile; fileRef = 3AF8835B19FB7B7C00687633 /* AABitmapIndexedNode.m */; };
		3AF8835F19FCB25A00687633 /* AAPersistentHashMap.m in Sources */ = {isa = PBXBuildFile; fileRef = 3AF8835E19FCB25A00687633 /* AAPersistentHashMap.m */; };
		3AF8836219FF60BA00687633 /* AAArrayNode.m in Sources */ = {isa = PBXBuildFile; fileRef = 3AF8836119FF60BA00687633 /* AAArrayNode.m */; };
		3AF883651A00AF9F00687633 /* AAHashCollisionNode.m in Sources */ = {isa = PBXBuildFile; fileRef = 3AF883641A00AF9F00687633 /* AAHashCollisionNode.m */; };
		3AF883671A00B4FA00687633 /* AAPersistentHashMapClass.m in Sources */ = {isa = PBXBuildFile; fileRef = 3AF883661A00B4FA00687633 /* AAPersistentHashMapClass.m */; };
		3AF883681A00B5D300687633 /* AABitmapIndexedNode.m in Sources */ = {isa = PBXBuildFile; fileRef = 3AF8835B19FB7B7C00687633 /* AABitmapIndexedNode.m */; };
		3AF883691A00B5D300687633 /* AAPersistentHashMap.m in Sources */ = {isa = PBXBuildFile; fileRef = 3AF8835E19FCB25A00687633 /* AAPersistentHashMap.m */; };
		3AF8836A1A00B5D300687633 /* AAArrayNode.m in Sources */ = {isa = PBXBuildFile; fileRef = 3AF8836119FF60BA00687633 /* AAArrayNode.m */; };
		3AF8836B1A00B5D300687633 /* AAHashCollisionNode.m in Sources */ = {isa = PBXBuildFile; fileRef = 3AF883641A00AF9F00687633 /* AAHashCollisionNode.m */; };
		3AF8836E1A069D5B00687633 /* AABaseHashMap.m in Sources */ = {isa = PBXBuildFile; fileRef = 3AF8836D1A069D5B00687633 /* AABaseHashMap.m */; };
		3AF8836F1A06F04900687633 /* AABaseHashMap.m in Sources */ = {isa = PBXBuildFile; fileRef = 3AF8836D1A069D5B00687633 /* AABaseHashMap.m */; };
		3AF883721A06F08E00687633 /* AATransientHashMap.m in Sources */ = {isa = PBXBuildFile; fileRef = 3AF883711A06F08E00687633 /* AATransientHashMap.m */; };
		3AF883731A06F08E00687633 /* AATransientHashMap.m in Sources */ = {isa = PBXBuildFile; fileRef = 3AF883711A06F08E00687633 /* AATransientHashMap.m */; };
		3AF8837B1A080D6700687633 /* AAPersistentSet.m in Sources */ = {isa = PBXBuildFile; fileRef = 3AF8837A1A080D6700687633 /* AAPersistentSet.m */; };
		3AF8837C1A080D6700687633 /* AAPersistentSet.m in Sources */ = {isa = PBXBuildFile; fileRef = 3AF8837A1A080D6700687633 /* AAPersistentSet.m */; };
		3AF8837F1A08840000687633 /* AABaseSet.m in Sources */ = {isa = PBXBuildFile; fileRef = 3AF8837E1A08840000687633 /* AABaseSet.m */; };
		3AF883801A08840000687633 /* AABaseSet.m in Sources */ = {isa = PBXBuildFile; fileRef = 3AF8837E1A08840000687633 /* AABaseSet.m */; };
		3AF883831A08928200687633 /* AATransientSet.m in Sources */ = {isa = PBXBuildFile; fileRef = 3AF883821A08928200687633 /* AATransientSet.m */; };
		3AF883841A08928200687633 /* AATransientSet.m in Sources */ = {isa = PBXBuildFile; fileRef = 3AF883821A08928200687633 /* AATransientSet.m */; };
		3AF8838A1A0899B400687633 /* AAPersistentSetClass.m in Sources */ = {isa = PBXBuildFile; fileRef = 3AF883891A0899B400687633 /* AAPersistentSetClass.m */; };
		3AF8838D1A08BC5600687633 /* AANullNode.m in Sources */ = {isa = PBXBuildFile; fileRef = 3AF8838C1A08BC5600687633 /* AANullNode.m */; };
		3AF8838E1A08BC5600687633 /* AANullNode.m in Sources */ = {isa = PBXBuildFile; fileRef = 3AF8838C1A08BC5600687633 /* AANullNode.m */; };
/* End PBXBuildFile section */

/* Begin PBXCopyFilesBuildPhase section */
		3A29EC4419DC5E0E006643CB /* CopyFiles */ = {
			isa = PBXCopyFilesBuildPhase;
			buildActionMask = 2147483647;
			dstPath = /usr/share/man/man1/;
			dstSubfolderSpec = 0;
			files = (
			);
			runOnlyForDeploymentPostprocessing = 1;
		};
/* End PBXCopyFilesBuildPhase section */

/* Begin PBXFileReference section */
		3A1AAA061A0DE812000D9D39 /* AAPersistentFunctions.m */ = {isa = PBXFileReference; fileEncoding = 4; lastKnownFileType = sourcecode.c.objc; path = AAPersistentFunctions.m; sourceTree = "<group>"; };
		3A1AAA081A0EA212000D9D39 /* AAPersistentUtils.m */ = {isa = PBXFileReference; fileEncoding = 4; lastKnownFileType = sourcecode.c.objc; path = AAPersistentUtils.m; sourceTree = "<group>"; };
		3A1AAA0B1A0EAE98000D9D39 /* Persistent.podspec */ = {isa = PBXFileReference; fileEncoding = 4; lastKnownFileType = text; path = Persistent.podspec; sourceTree = "<group>"; };
		3A1AAA1F1A1007CC000D9D39 /* AAPersistent.h */ = {isa = PBXFileReference; fileEncoding = 4; lastKnownFileType = sourcecode.c.h; path = AAPersistent.h; sourceTree = "<group>"; };
		3A29EC4619DC5E0E006643CB /* Persistent */ = {isa = PBXFileReference; explicitFileType = "compiled.mach-o.executable"; includeInIndex = 0; path = Persistent; sourceTree = BUILT_PRODUCTS_DIR; };
		3A29EC4919DC5E0E006643CB /* main.m */ = {isa = PBXFileReference; lastKnownFileType = sourcecode.c.objc; path = main.m; sourceTree = "<group>"; };
		3A29EC5219DC5E58006643CB /* AABaseVector.h */ = {isa = PBXFileReference; fileEncoding = 4; lastKnownFileType = sourcecode.c.h; path = AABaseVector.h; sourceTree = "<group>"; };
		3A29EC5819DC7251006643CB /* AAVNode.h */ = {isa = PBXFileReference; fileEncoding = 4; lastKnownFileType = sourcecode.c.h; path = AAVNode.h; sourceTree = "<group>"; };
		3A29EC5919DC7251006643CB /* AAVNode.m */ = {isa = PBXFileReference; fileEncoding = 4; lastKnownFileType = sourcecode.c.objc; path = AAVNode.m; sourceTree = "<group>"; };
		3A29EC5C19DC72F0006643CB /* AAOwner.h */ = {isa = PBXFileReference; fileEncoding = 4; lastKnownFileType = sourcecode.c.h; name = AAOwner.h; path = Vector/AAOwner.h; sourceTree = "<group>"; };
		3A29EC5D19DC72F0006643CB /* AAOwner.m */ = {isa = PBXFileReference; fileEncoding = 4; lastKnownFileType = sourcecode.c.objc; name = AAOwner.m; path = Vector/AAOwner.m; sourceTree = "<group>"; };
		3A588B8519DFADAA00746226 /* AABool.h */ = {isa = PBXFileReference; fileEncoding = 4; lastKnownFileType = sourcecode.c.h; name = AABool.h; path = Vector/AABool.h; sourceTree = "<group>"; };
		3A588B8619DFADAA00746226 /* AABool.m */ = {isa = PBXFileReference; fileEncoding = 4; lastKnownFileType = sourcecode.c.objc; name = AABool.m; path = Vector/AABool.m; sourceTree = "<group>"; };
		3A588B8819DFCB8500746226 /* AATransientVector.h */ = {isa = PBXFileReference; fileEncoding = 4; lastKnownFileType = sourcecode.c.h; path = AATransientVector.h; sourceTree = "<group>"; };
		3A588B8919DFCB8500746226 /* AATransientVector.m */ = {isa = PBXFileReference; fileEncoding = 4; lastKnownFileType = sourcecode.c.objc; path = AATransientVector.m; sourceTree = "<group>"; };
		3A588B8B19DFCC9F00746226 /* AAPersistentVector.h */ = {isa = PBXFileReference; fileEncoding = 4; lastKnownFileType = sourcecode.c.h; path = AAPersistentVector.h; sourceTree = "<group>"; };
		3A588B8C19DFCC9F00746226 /* AAPersistentVector.m */ = {isa = PBXFileReference; fileEncoding = 4; lastKnownFileType = sourcecode.c.objc; path = AAPersistentVector.m; sourceTree = "<group>"; };
		3A588B9319DFD56500746226 /* PersistentTests.xctest */ = {isa = PBXFileReference; explicitFileType = wrapper.cfbundle; includeInIndex = 0; path = PersistentTests.xctest; sourceTree = BUILT_PRODUCTS_DIR; };
		3A588B9619DFD56500746226 /* Info.plist */ = {isa = PBXFileReference; lastKnownFileType = text.plist.xml; path = Info.plist; sourceTree = "<group>"; };
		3A588B9719DFD56500746226 /* PersistentTests.m */ = {isa = PBXFileReference; lastKnownFileType = sourcecode.c.objc; path = PersistentTests.m; sourceTree = "<group>"; };
		3A588B9C19DFD58A00746226 /* AAPersistentVectorClass.m */ = {isa = PBXFileReference; fileEncoding = 4; lastKnownFileType = sourcecode.c.objc; path = AAPersistentVectorClass.m; sourceTree = "<group>"; };
		3A588B9E19DFD8ED00746226 /* AAPersistentUtils.h */ = {isa = PBXFileReference; fileEncoding = 4; lastKnownFileType = sourcecode.c.h; name = AAPersistentUtils.h; path = Persistent/AAPersistentUtils.h; sourceTree = SOURCE_ROOT; };
		3A846FE71A0B4E0D00D2784E /* AATransientHashMapPrivate.h */ = {isa = PBXFileReference; fileEncoding = 4; lastKnownFileType = sourcecode.c.h; path = AATransientHashMapPrivate.h; sourceTree = "<group>"; };
		3A846FEA1A0B4E1A00D2784E /* AABaseHashMapPrivate.h */ = {isa = PBXFileReference; fileEncoding = 4; lastKnownFileType = sourcecode.c.h; path = AABaseHashMapPrivate.h; sourceTree = "<group>"; };
		3A846FEB1A0B508F00D2784E /* AAPersistentSetPrivate.h */ = {isa = PBXFileReference; fileEncoding = 4; lastKnownFileType = sourcecode.c.h; path = AAPersistentSetPrivate.h; sourceTree = "<group>"; };
		3A846FEC1A0B509B00D2784E /* AATransientSetPrivate.h */ = {isa = PBXFileReference; fileEncoding = 4; lastKnownFileType = sourcecode.c.h; path = AATransientSetPrivate.h; sourceTree = "<group>"; };
		3A846FED1A0B50A400D2784E /* AABaseSetPrivate.h */ = {isa = PBXFileReference; fileEncoding = 4; lastKnownFileType = sourcecode.c.h; path = AABaseSetPrivate.h; sourceTree = "<group>"; };
		3A846FF01A0B5C1000D2784E /* AAVectorIterator.h */ = {isa = PBXFileReference; fileEncoding = 4; lastKnownFileType = sourcecode.c.h; path = AAVectorIterator.h; sourceTree = "<group>"; };
		3A846FF11A0B5C1000D2784E /* AAVectorIterator.m */ = {isa = PBXFileReference; fileEncoding = 4; lastKnownFileType = sourcecode.c.objc; path = AAVectorIterator.m; sourceTree = "<group>"; };
		3A846FF41A0BF3D700D2784E /* AASameHashObject.h */ = {isa = PBXFileReference; fileEncoding = 4; lastKnownFileType = sourcecode.c.h; path = AASameHashObject.h; sourceTree = "<group>"; };
		3A846FF51A0BF3D700D2784E /* AASameHashObject.m */ = {isa = PBXFileReference; fileEncoding = 4; lastKnownFileType = sourcecode.c.objc; path = AASameHashObject.m; sourceTree = "<group>"; };
		3A846FF71A0C009500D2784E /* README.md */ = {isa = PBXFileReference; lastKnownFileType = net.daringfireball.markdown; path = README.md; sourceTree = "<group>"; };
		3A846FF81A0C475A00D2784E /* AABaseVector.m */ = {isa = PBXFileReference; fileEncoding = 4; lastKnownFileType = sourcecode.c.objc; path = AABaseVector.m; sourceTree = "<group>"; };
		3AAF012F1A0DCC4B00ECB260 /* AAIPersistent.h */ = {isa = PBXFileReference; fileEncoding = 4; lastKnownFileType = sourcecode.c.h; path = AAIPersistent.h; sourceTree = "<group>"; };
		3AAF01301A0DCCD300ECB260 /* AAPersistentFunctions.h */ = {isa = PBXFileReference; fileEncoding = 4; lastKnownFileType = sourcecode.c.h; path = AAPersistentFunctions.h; sourceTree = "<group>"; };
		3AAF01311A0DCE4600ECB260 /* AAPersistentFunctions.m */ = {isa = PBXFileReference; fileEncoding = 4; lastKnownFileType = sourcecode.c.objc; name = AAPersistentFunctions.m; path = Headers/AAPersistentFunctions.m; sourceTree = "<group>"; };
		3AB37F881A09DC2E007D4F09 /* AAMapNodeIterator.h */ = {isa = PBXFileReference; fileEncoding = 4; lastKnownFileType = sourcecode.c.h; path = AAMapNodeIterator.h; sourceTree = "<group>"; };
		3AB37F891A09DC2E007D4F09 /* AAMapNodeIterator.m */ = {isa = PBXFileReference; fileEncoding = 4; lastKnownFileType = sourcecode.c.objc; path = AAMapNodeIterator.m; sourceTree = "<group>"; };
		3AB37F8C1A09F3C3007D4F09 /* AAIIterator.h */ = {isa = PBXFileReference; fileEncoding = 4; lastKnownFileType = sourcecode.c.h; path = AAIIterator.h; sourceTree = "<group>"; };
		3AB37F901A0A0A25007D4F09 /* AAMapArrayNodeIterator.h */ = {isa = PBXFileReference; fileEncoding = 4; lastKnownFileType = sourcecode.c.h; path = AAMapArrayNodeIterator.h; sourceTree = "<group>"; };
		3AB37F911A0A0A25007D4F09 /* AAMapArrayNodeIterator.m */ = {isa = PBXFileReference; fileEncoding = 4; lastKnownFileType = sourcecode.c.objc; path = AAMapArrayNodeIterator.m; sourceTree = "<group>"; };
		3AB37F941A0AB43A007D4F09 /* AASetIterator.h */ = {isa = PBXFileReference; fileEncoding = 4; lastKnownFileType = sourcecode.c.h; path = AASetIterator.h; sourceTree = "<group>"; };
		3AB37F951A0AB43A007D4F09 /* AASetIterator.m */ = {isa = PBXFileReference; fileEncoding = 4; lastKnownFileType = sourcecode.c.objc; path = AASetIterator.m; sourceTree = "<group>"; };
		3AB37F981A0B49E2007D4F09 /* AAPersistentVectorPrivate.h */ = {isa = PBXFileReference; fileEncoding = 4; lastKnownFileType = sourcecode.c.h; path = AAPersistentVectorPrivate.h; sourceTree = "<group>"; };
		3AB37F9B1A0B49F3007D4F09 /* AATransientVectorPrivate.h */ = {isa = PBXFileReference; fileEncoding = 4; lastKnownFileType = sourcecode.c.h; path = AATransientVectorPrivate.h; sourceTree = "<group>"; };
		3AF8835619FA008B00687633 /* AABaseVectorPrivate.h */ = {isa = PBXFileReference; fileEncoding = 4; lastKnownFileType = sourcecode.c.h; path = AABaseVectorPrivate.h; sourceTree = "<group>"; };
		3AF8835719FB68BC00687633 /* AAINode.h */ = {isa = PBXFileReference; fileEncoding = 4; lastKnownFileType = sourcecode.c.h; path = AAINode.h; sourceTree = "<group>"; };
		3AF8835A19FB7B7C00687633 /* AABitmapIndexedNode.h */ = {isa = PBXFileReference; fileEncoding = 4; lastKnownFileType = sourcecode.c.h; path = AABitmapIndexedNode.h; sourceTree = "<group>"; };
		3AF8835B19FB7B7C00687633 /* AABitmapIndexedNode.m */ = {isa = PBXFileReference; fileEncoding = 4; lastKnownFileType = sourcecode.c.objc; path = AABitmapIndexedNode.m; sourceTree = "<group>"; };
		3AF8835D19FCB25A00687633 /* AAPersistentHashMap.h */ = {isa = PBXFileReference; fileEncoding = 4; lastKnownFileType = sourcecode.c.h; path = AAPersistentHashMap.h; sourceTree = "<group>"; };
		3AF8835E19FCB25A00687633 /* AAPersistentHashMap.m */ = {isa = PBXFileReference; fileEncoding = 4; lastKnownFileType = sourcecode.c.objc; path = AAPersistentHashMap.m; sourceTree = "<group>"; };
		3AF8836019FF60BA00687633 /* AAArrayNode.h */ = {isa = PBXFileReference; fileEncoding = 4; lastKnownFileType = sourcecode.c.h; path = AAArrayNode.h; sourceTree = "<group>"; };
		3AF8836119FF60BA00687633 /* AAArrayNode.m */ = {isa = PBXFileReference; fileEncoding = 4; lastKnownFileType = sourcecode.c.objc; path = AAArrayNode.m; sourceTree = "<group>"; };
		3AF883631A00AF9F00687633 /* AAHashCollisionNode.h */ = {isa = PBXFileReference; fileEncoding = 4; lastKnownFileType = sourcecode.c.h; path = AAHashCollisionNode.h; sourceTree = "<group>"; };
		3AF883641A00AF9F00687633 /* AAHashCollisionNode.m */ = {isa = PBXFileReference; fileEncoding = 4; lastKnownFileType = sourcecode.c.objc; path = AAHashCollisionNode.m; sourceTree = "<group>"; };
		3AF883661A00B4FA00687633 /* AAPersistentHashMapClass.m */ = {isa = PBXFileReference; fileEncoding = 4; lastKnownFileType = sourcecode.c.objc; path = AAPersistentHashMapClass.m; sourceTree = "<group>"; };
		3AF8836C1A069D5B00687633 /* AABaseHashMap.h */ = {isa = PBXFileReference; fileEncoding = 4; lastKnownFileType = sourcecode.c.h; path = AABaseHashMap.h; sourceTree = "<group>"; };
		3AF8836D1A069D5B00687633 /* AABaseHashMap.m */ = {isa = PBXFileReference; fileEncoding = 4; lastKnownFileType = sourcecode.c.objc; path = AABaseHashMap.m; sourceTree = "<group>"; };
		3AF883701A06F08E00687633 /* AATransientHashMap.h */ = {isa = PBXFileReference; fileEncoding = 4; lastKnownFileType = sourcecode.c.h; path = AATransientHashMap.h; sourceTree = "<group>"; };
		3AF883711A06F08E00687633 /* AATransientHashMap.m */ = {isa = PBXFileReference; fileEncoding = 4; lastKnownFileType = sourcecode.c.objc; path = AATransientHashMap.m; sourceTree = "<group>"; };
		3AF883791A080D6700687633 /* AAPersistentSet.h */ = {isa = PBXFileReference; fileEncoding = 4; lastKnownFileType = sourcecode.c.h; path = AAPersistentSet.h; sourceTree = "<group>"; };
		3AF8837A1A080D6700687633 /* AAPersistentSet.m */ = {isa = PBXFileReference; fileEncoding = 4; lastKnownFileType = sourcecode.c.objc; path = AAPersistentSet.m; sourceTree = "<group>"; };
		3AF8837D1A08840000687633 /* AABaseSet.h */ = {isa = PBXFileReference; fileEncoding = 4; lastKnownFileType = sourcecode.c.h; path = AABaseSet.h; sourceTree = "<group>"; };
		3AF8837E1A08840000687633 /* AABaseSet.m */ = {isa = PBXFileReference; fileEncoding = 4; lastKnownFileType = sourcecode.c.objc; path = AABaseSet.m; sourceTree = "<group>"; };
		3AF883811A08928200687633 /* AATransientSet.h */ = {isa = PBXFileReference; fileEncoding = 4; lastKnownFileType = sourcecode.c.h; path = AATransientSet.h; sourceTree = "<group>"; };
		3AF883821A08928200687633 /* AATransientSet.m */ = {isa = PBXFileReference; fileEncoding = 4; lastKnownFileType = sourcecode.c.objc; path = AATransientSet.m; sourceTree = "<group>"; };
		3AF883891A0899B400687633 /* AAPersistentSetClass.m */ = {isa = PBXFileReference; fileEncoding = 4; lastKnownFileType = sourcecode.c.objc; path = AAPersistentSetClass.m; sourceTree = "<group>"; };
		3AF8838B1A08BC5600687633 /* AANullNode.h */ = {isa = PBXFileReference; fileEncoding = 4; lastKnownFileType = sourcecode.c.h; path = AANullNode.h; sourceTree = "<group>"; };
		3AF8838C1A08BC5600687633 /* AANullNode.m */ = {isa = PBXFileReference; fileEncoding = 4; lastKnownFileType = sourcecode.c.objc; path = AANullNode.m; sourceTree = "<group>"; };
/* End PBXFileReference section */

/* Begin PBXFrameworksBuildPhase section */
		3A29EC4319DC5E0E006643CB /* Frameworks */ = {
			isa = PBXFrameworksBuildPhase;
			buildActionMask = 2147483647;
			files = (
			);
			runOnlyForDeploymentPostprocessing = 0;
		};
		3A588B9019DFD56500746226 /* Frameworks */ = {
			isa = PBXFrameworksBuildPhase;
			buildActionMask = 2147483647;
			files = (
			);
			runOnlyForDeploymentPostprocessing = 0;
		};
/* End PBXFrameworksBuildPhase section */

/* Begin PBXGroup section */
		3A29EC3D19DC5E0E006643CB = {
			isa = PBXGroup;
			children = (
				3A29EC4819DC5E0E006643CB /* Persistent */,
				3A588B9419DFD56500746226 /* PersistentTests */,
				3A29EC4719DC5E0E006643CB /* Products */,
				3A846FF71A0C009500D2784E /* README.md */,
				3A1AAA0B1A0EAE98000D9D39 /* Persistent.podspec */,
			);
			sourceTree = "<group>";
		};
		3A29EC4719DC5E0E006643CB /* Products */ = {
			isa = PBXGroup;
			children = (
				3A29EC4619DC5E0E006643CB /* Persistent */,
				3A588B9319DFD56500746226 /* PersistentTests.xctest */,
			);
			name = Products;
			sourceTree = "<group>";
		};
		3A29EC4819DC5E0E006643CB /* Persistent */ = {
			isa = PBXGroup;
			children = (
				3A846FEF1A0B523F00D2784E /* Headers */,
				3AF883741A080CFC00687633 /* Set */,
				3A588BB619E38F1900746226 /* Map */,
				3A588BB519E38F0700746226 /* Vector */,
				3A29EC4919DC5E0E006643CB /* main.m */,
				3A588B8519DFADAA00746226 /* AABool.h */,
				3A588B8619DFADAA00746226 /* AABool.m */,
				3A29EC5C19DC72F0006643CB /* AAOwner.h */,
				3A29EC5D19DC72F0006643CB /* AAOwner.m */,
				3A588B9E19DFD8ED00746226 /* AAPersistentUtils.h */,
				3A1AAA081A0EA212000D9D39 /* AAPersistentUtils.m */,
				3AAF01311A0DCE4600ECB260 /* AAPersistentFunctions.m */,
				3AAF012F1A0DCC4B00ECB260 /* AAIPersistent.h */,
			);
			path = Persistent;
			sourceTree = "<group>";
		};
		3A588B9419DFD56500746226 /* PersistentTests */ = {
			isa = PBXGroup;
			children = (
				3A588B9C19DFD58A00746226 /* AAPersistentVectorClass.m */,
				3AF883661A00B4FA00687633 /* AAPersistentHashMapClass.m */,
				3AF883891A0899B400687633 /* AAPersistentSetClass.m */,
				3A588B9719DFD56500746226 /* PersistentTests.m */,
				3A1AAA061A0DE812000D9D39 /* AAPersistentFunctions.m */,
				3A588B9519DFD56500746226 /* Supporting Files */,
			);
			path = PersistentTests;
			sourceTree = "<group>";
		};
		3A588B9519DFD56500746226 /* Supporting Files */ = {
			isa = PBXGroup;
			children = (
				3A846FF41A0BF3D700D2784E /* AASameHashObject.h */,
				3A846FF51A0BF3D700D2784E /* AASameHashObject.m */,
				3A588B9619DFD56500746226 /* Info.plist */,
			);
			name = "Supporting Files";
			sourceTree = "<group>";
		};
		3A588BB519E38F0700746226 /* Vector */ = {
			isa = PBXGroup;
			children = (
				3A588B8C19DFCC9F00746226 /* AAPersistentVector.m */,
				3A588B8919DFCB8500746226 /* AATransientVector.m */,
				3A846FF81A0C475A00D2784E /* AABaseVector.m */,
				3A29EC5819DC7251006643CB /* AAVNode.h */,
				3A29EC5919DC7251006643CB /* AAVNode.m */,
				3A846FF01A0B5C1000D2784E /* AAVectorIterator.h */,
				3A846FF11A0B5C1000D2784E /* AAVectorIterator.m */,
				3AF8835619FA008B00687633 /* AABaseVectorPrivate.h */,
				3AB37F981A0B49E2007D4F09 /* AAPersistentVectorPrivate.h */,
				3AB37F9B1A0B49F3007D4F09 /* AATransientVectorPrivate.h */,
			);
			path = Vector;
			sourceTree = "<group>";
		};
		3A588BB619E38F1900746226 /* Map */ = {
			isa = PBXGroup;
			children = (
				3AF8835E19FCB25A00687633 /* AAPersistentHashMap.m */,
				3AF883711A06F08E00687633 /* AATransientHashMap.m */,
				3AF8836D1A069D5B00687633 /* AABaseHashMap.m */,
				3AF8835719FB68BC00687633 /* AAINode.h */,
				3AF8835A19FB7B7C00687633 /* AABitmapIndexedNode.h */,
				3AF8835B19FB7B7C00687633 /* AABitmapIndexedNode.m */,
				3AF8836019FF60BA00687633 /* AAArrayNode.h */,
				3AF8836119FF60BA00687633 /* AAArrayNode.m */,
				3AF883631A00AF9F00687633 /* AAHashCollisionNode.h */,
				3AF883641A00AF9F00687633 /* AAHashCollisionNode.m */,
				3AF8838B1A08BC5600687633 /* AANullNode.h */,
				3AF8838C1A08BC5600687633 /* AANullNode.m */,
				3AB37F881A09DC2E007D4F09 /* AAMapNodeIterator.h */,
				3AB37F891A09DC2E007D4F09 /* AAMapNodeIterator.m */,
				3AB37F901A0A0A25007D4F09 /* AAMapArrayNodeIterator.h */,
				3AB37F911A0A0A25007D4F09 /* AAMapArrayNodeIterator.m */,
				3A846FE71A0B4E0D00D2784E /* AATransientHashMapPrivate.h */,
				3A846FEA1A0B4E1A00D2784E /* AABaseHashMapPrivate.h */,
			);
			path = Map;
			sourceTree = "<group>";
		};
		3A846FEF1A0B523F00D2784E /* Headers */ = {
			isa = PBXGroup;
			children = (
				3AF883791A080D6700687633 /* AAPersistentSet.h */,
				3AF883811A08928200687633 /* AATransientSet.h */,
				3AF8837D1A08840000687633 /* AABaseSet.h */,
				3AF8835D19FCB25A00687633 /* AAPersistentHashMap.h */,
				3AF883701A06F08E00687633 /* AATransientHashMap.h */,
				3AF8836C1A069D5B00687633 /* AABaseHashMap.h */,
				3A588B8B19DFCC9F00746226 /* AAPersistentVector.h */,
				3A588B8819DFCB8500746226 /* AATransientVector.h */,
				3A29EC5219DC5E58006643CB /* AABaseVector.h */,
				3AB37F8C1A09F3C3007D4F09 /* AAIIterator.h */,
				3AAF01301A0DCCD300ECB260 /* AAPersistentFunctions.h */,
				3A1AAA1F1A1007CC000D9D39 /* AAPersistent.h */,
			);
			path = Headers;
			sourceTree = "<group>";
		};
		3AF883741A080CFC00687633 /* Set */ = {
			isa = PBXGroup;
			children = (
				3AF8837A1A080D6700687633 /* AAPersistentSet.m */,
				3AF883821A08928200687633 /* AATransientSet.m */,
				3AF8837E1A08840000687633 /* AABaseSet.m */,
				3AB37F941A0AB43A007D4F09 /* AASetIterator.h */,
				3AB37F951A0AB43A007D4F09 /* AASetIterator.m */,
				3A846FEB1A0B508F00D2784E /* AAPersistentSetPrivate.h */,
				3A846FEC1A0B509B00D2784E /* AATransientSetPrivate.h */,
				3A846FED1A0B50A400D2784E /* AABaseSetPrivate.h */,
			);
			path = Set;
			sourceTree = "<group>";
		};
/* End PBXGroup section */

/* Begin PBXNativeTarget section */
		3A29EC4519DC5E0E006643CB /* Persistent */ = {
			isa = PBXNativeTarget;
			buildConfigurationList = 3A29EC4D19DC5E0E006643CB /* Build configuration list for PBXNativeTarget "Persistent" */;
			buildPhases = (
				3A29EC4219DC5E0E006643CB /* Sources */,
				3A29EC4319DC5E0E006643CB /* Frameworks */,
				3A29EC4419DC5E0E006643CB /* CopyFiles */,
			);
			buildRules = (
			);
			dependencies = (
			);
			name = Persistent;
			productName = Persistent;
			productReference = 3A29EC4619DC5E0E006643CB /* Persistent */;
			productType = "com.apple.product-type.tool";
		};
		3A588B9219DFD56500746226 /* PersistentTests */ = {
			isa = PBXNativeTarget;
			buildConfigurationList = 3A588B9919DFD56500746226 /* Build configuration list for PBXNativeTarget "PersistentTests" */;
			buildPhases = (
				3A588B8F19DFD56500746226 /* Sources */,
				3A588B9019DFD56500746226 /* Frameworks */,
				3A588B9119DFD56500746226 /* Resources */,
			);
			buildRules = (
			);
			dependencies = (
			);
			name = PersistentTests;
			productName = PersistentTests;
			productReference = 3A588B9319DFD56500746226 /* PersistentTests.xctest */;
			productType = "com.apple.product-type.bundle.unit-test";
		};
/* End PBXNativeTarget section */

/* Begin PBXProject section */
		3A29EC3E19DC5E0E006643CB /* Project object */ = {
			isa = PBXProject;
			attributes = {
				LastUpgradeCheck = 0600;
				ORGANIZATIONNAME = "Anton Astashov";
				TargetAttributes = {
					3A29EC4519DC5E0E006643CB = {
						CreatedOnToolsVersion = 6.0.1;
					};
					3A588B9219DFD56500746226 = {
						CreatedOnToolsVersion = 6.0.1;
					};
				};
			};
			buildConfigurationList = 3A29EC4119DC5E0E006643CB /* Build configuration list for PBXProject "Persistent" */;
			compatibilityVersion = "Xcode 3.2";
			developmentRegion = English;
			hasScannedForEncodings = 0;
			knownRegions = (
				en,
			);
			mainGroup = 3A29EC3D19DC5E0E006643CB;
			productRefGroup = 3A29EC4719DC5E0E006643CB /* Products */;
			projectDirPath = "";
			projectRoot = "";
			targets = (
				3A29EC4519DC5E0E006643CB /* Persistent */,
				3A588B9219DFD56500746226 /* PersistentTests */,
			);
		};
/* End PBXProject section */

/* Begin PBXResourcesBuildPhase section */
		3A588B9119DFD56500746226 /* Resources */ = {
			isa = PBXResourcesBuildPhase;
			buildActionMask = 2147483647;
			files = (
				3A1AAA0C1A0EAE98000D9D39 /* Persistent.podspec in Resources */,
			);
			runOnlyForDeploymentPostprocessing = 0;
		};
/* End PBXResourcesBuildPhase section */

/* Begin PBXSourcesBuildPhase section */
		3A29EC4219DC5E0E006643CB /* Sources */ = {
			isa = PBXSourcesBuildPhase;
			buildActionMask = 2147483647;
			files = (
				3A29EC4A19DC5E0E006643CB /* main.m in Sources */,
				3AF883831A08928200687633 /* AATransientSet.m in Sources */,
				3AB37F8A1A09DC2E007D4F09 /* AAMapNodeIterator.m in Sources */,
				3AF8835F19FCB25A00687633 /* AAPersistentHashMap.m in Sources */,
				3A846FF21A0B5C1000D2784E /* AAVectorIterator.m in Sources */,
				3AB37F921A0A0A25007D4F09 /* AAMapArrayNodeIterator.m in Sources */,
				3AF8837F1A08840000687633 /* AABaseSet.m in Sources */,
				3AF883721A06F08E00687633 /* AATransientHashMap.m in Sources */,
				3A1AAA091A0EA212000D9D39 /* AAPersistentUtils.m in Sources */,
				3AAF01321A0DCE4600ECB260 /* AAPersistentFunctions.m in Sources */,
				3AF8835C19FB7B7C00687633 /* AABitmapIndexedNode.m in Sources */,
				3A846FF91A0C475A00D2784E /* AABaseVector.m in Sources */,
				3A588B8719DFADAA00746226 /* AABool.m in Sources */,
				3A29EC5E19DC72F0006643CB /* AAOwner.m in Sources */,
				3AB37F961A0AB43A007D4F09 /* AASetIterator.m in Sources */,
				3AF8838D1A08BC5600687633 /* AANullNode.m in Sources */,
				3A588B8A19DFCB8500746226 /* AATransientVector.m in Sources */,
				3AF8836E1A069D5B00687633 /* AABaseHashMap.m in Sources */,
				3AF8836219FF60BA00687633 /* AAArrayNode.m in Sources */,
				3AF8837B1A080D6700687633 /* AAPersistentSet.m in Sources */,
				3A588B8D19DFCC9F00746226 /* AAPersistentVector.m in Sources */,
				3A29EC5A19DC7251006643CB /* AAVNode.m in Sources */,
				3AF883651A00AF9F00687633 /* AAHashCollisionNode.m in Sources */,
			);
			runOnlyForDeploymentPostprocessing = 0;
		};
		3A588B8F19DFD56500746226 /* Sources */ = {
			isa = PBXSourcesBuildPhase;
			buildActionMask = 2147483647;
			files = (
				3AF883731A06F08E00687633 /* AATransientHashMap.m in Sources */,
				3AB37F8B1A09DC2E007D4F09 /* AAMapNodeIterator.m in Sources */,
				3AF883681A00B5D300687633 /* AABitmapIndexedNode.m in Sources */,
				3A846FF31A0B5C1300D2784E /* AAVectorIterator.m in Sources */,
				3AF8838A1A0899B400687633 /* AAPersistentSetClass.m in Sources */,
				3A588B9D19DFD58A00746226 /* AAPersistentVectorClass.m in Sources */,
				3A588BA019E055BB00746226 /* AAVNode.m in Sources */,
				3A588BA119E055BB00746226 /* AAOwner.m in Sources */,
				3A846FFA1A0C475A00D2784E /* AABaseVector.m in Sources */,
				3AF8836B1A00B5D300687633 /* AAHashCollisionNode.m in Sources */,
				3A588B9819DFD56500746226 /* PersistentTests.m in Sources */,
				3AF8836A1A00B5D300687633 /* AAArrayNode.m in Sources */,
				3AAF01331A0DCE4600ECB260 /* AAPersistentFunctions.m in Sources */,
				3AF883841A08928200687633 /* AATransientSet.m in Sources */,
				3A1AAA0A1A0EA212000D9D39 /* AAPersistentUtils.m in Sources */,
				3AF8836F1A06F04900687633 /* AABaseHashMap.m in Sources */,
				3AF883691A00B5D300687633 /* AAPersistentHashMap.m in Sources */,
				3AF8837C1A080D6700687633 /* AAPersistentSet.m in Sources */,
				3AF8838E1A08BC5600687633 /* AANullNode.m in Sources */,
				3A588BA419E055BB00746226 /* AAPersistentVector.m in Sources */,
				3AF883801A08840000687633 /* AABaseSet.m in Sources */,
				3A846FF61A0BF3D700D2784E /* AASameHashObject.m in Sources */,
				3A1AAA071A0DE812000D9D39 /* AAPersistentFunctions.m in Sources */,
				3AB37F931A0A0A25007D4F09 /* AAMapArrayNodeIterator.m in Sources */,
				3AB37F971A0AB43A007D4F09 /* AASetIterator.m in Sources */,
				3A588BA319E055BB00746226 /* AATransientVector.m in Sources */,
				3AF883671A00B4FA00687633 /* AAPersistentHashMapClass.m in Sources */,
				3A588BA219E055BB00746226 /* AABool.m in Sources */,
			);
			runOnlyForDeploymentPostprocessing = 0;
		};
/* End PBXSourcesBuildPhase section */

/* Begin XCBuildConfiguration section */
		3A29EC4B19DC5E0E006643CB /* Debug */ = {
			isa = XCBuildConfiguration;
			buildSettings = {
				ALWAYS_SEARCH_USER_PATHS = NO;
				CLANG_CXX_LANGUAGE_STANDARD = "gnu++0x";
				CLANG_CXX_LIBRARY = "libc++";
				CLANG_ENABLE_MODULES = YES;
				CLANG_ENABLE_OBJC_ARC = YES;
				CLANG_WARN_BOOL_CONVERSION = YES;
				CLANG_WARN_CONSTANT_CONVERSION = YES;
				CLANG_WARN_DIRECT_OBJC_ISA_USAGE = YES_ERROR;
				CLANG_WARN_EMPTY_BODY = YES;
				CLANG_WARN_ENUM_CONVERSION = YES;
				CLANG_WARN_INT_CONVERSION = YES;
				CLANG_WARN_OBJC_ROOT_CLASS = YES_ERROR;
				CLANG_WARN_UNREACHABLE_CODE = YES;
				CLANG_WARN__DUPLICATE_METHOD_MATCH = YES;
				COPY_PHASE_STRIP = NO;
				CURRENT_PROJECT_VERSION = 0.1.3;
				ENABLE_STRICT_OBJC_MSGSEND = YES;
				GCC_C_LANGUAGE_STANDARD = gnu99;
				GCC_DYNAMIC_NO_PIC = NO;
				GCC_OPTIMIZATION_LEVEL = 0;
				GCC_PREPROCESSOR_DEFINITIONS = (
					"DEBUG=1",
					"$(inherited)",
				);
				GCC_SYMBOLS_PRIVATE_EXTERN = NO;
				GCC_WARN_64_TO_32_BIT_CONVERSION = YES;
				GCC_WARN_ABOUT_RETURN_TYPE = YES_ERROR;
				GCC_WARN_UNDECLARED_SELECTOR = YES;
				GCC_WARN_UNINITIALIZED_AUTOS = YES_AGGRESSIVE;
				GCC_WARN_UNUSED_FUNCTION = YES;
				GCC_WARN_UNUSED_VARIABLE = YES;
				MACOSX_DEPLOYMENT_TARGET = 10.9;
				MTL_ENABLE_DEBUG_INFO = YES;
				ONLY_ACTIVE_ARCH = YES;
				SDKROOT = macosx;
			};
			name = Debug;
		};
		3A29EC4C19DC5E0E006643CB /* Release */ = {
			isa = XCBuildConfiguration;
			buildSettings = {
				ALWAYS_SEARCH_USER_PATHS = NO;
				CLANG_CXX_LANGUAGE_STANDARD = "gnu++0x";
				CLANG_CXX_LIBRARY = "libc++";
				CLANG_ENABLE_MODULES = YES;
				CLANG_ENABLE_OBJC_ARC = YES;
				CLANG_WARN_BOOL_CONVERSION = YES;
				CLANG_WARN_CONSTANT_CONVERSION = YES;
				CLANG_WARN_DIRECT_OBJC_ISA_USAGE = YES_ERROR;
				CLANG_WARN_EMPTY_BODY = YES;
				CLANG_WARN_ENUM_CONVERSION = YES;
				CLANG_WARN_INT_CONVERSION = YES;
				CLANG_WARN_OBJC_ROOT_CLASS = YES_ERROR;
				CLANG_WARN_UNREACHABLE_CODE = YES;
				CLANG_WARN__DUPLICATE_METHOD_MATCH = YES;
				COPY_PHASE_STRIP = YES;
				CURRENT_PROJECT_VERSION = 0.1.3;
				DEBUG_INFORMATION_FORMAT = "dwarf-with-dsym";
				ENABLE_NS_ASSERTIONS = NO;
				ENABLE_STRICT_OBJC_MSGSEND = YES;
				GCC_C_LANGUAGE_STANDARD = gnu99;
				GCC_WARN_64_TO_32_BIT_CONVERSION = YES;
				GCC_WARN_ABOUT_RETURN_TYPE = YES_ERROR;
				GCC_WARN_UNDECLARED_SELECTOR = YES;
				GCC_WARN_UNINITIALIZED_AUTOS = YES_AGGRESSIVE;
				GCC_WARN_UNUSED_FUNCTION = YES;
				GCC_WARN_UNUSED_VARIABLE = YES;
				MACOSX_DEPLOYMENT_TARGET = 10.9;
				MTL_ENABLE_DEBUG_INFO = NO;
				SDKROOT = macosx;
			};
			name = Release;
		};
		3A29EC4E19DC5E0E006643CB /* Debug */ = {
			isa = XCBuildConfiguration;
			buildSettings = {
				GCC_PRECOMPILE_PREFIX_HEADER = YES;
				PRODUCT_NAME = "$(TARGET_NAME)";
				SCAN_ALL_SOURCE_FILES_FOR_INCLUDES = YES;
			};
			name = Debug;
		};
		3A29EC4F19DC5E0E006643CB /* Release */ = {
			isa = XCBuildConfiguration;
			buildSettings = {
				GCC_PRECOMPILE_PREFIX_HEADER = YES;
				PRODUCT_NAME = "$(TARGET_NAME)";
				SCAN_ALL_SOURCE_FILES_FOR_INCLUDES = YES;
			};
			name = Release;
		};
		3A588B9A19DFD56500746226 /* Debug */ = {
			isa = XCBuildConfiguration;
			buildSettings = {
				COMBINE_HIDPI_IMAGES = YES;
				FRAMEWORK_SEARCH_PATHS = (
					"$(DEVELOPER_FRAMEWORKS_DIR)",
					"$(inherited)",
				);
				GCC_PREPROCESSOR_DEFINITIONS = (
					"DEBUG=1",
					"$(inherited)",
				);
				INFOPLIST_FILE = PersistentTests/Info.plist;
				LD_RUNPATH_SEARCH_PATHS = "$(inherited) @executable_path/../Frameworks @loader_path/../Frameworks";
				PRODUCT_NAME = "$(TARGET_NAME)";
			};
			name = Debug;
		};
		3A588B9B19DFD56500746226 /* Release */ = {
			isa = XCBuildConfiguration;
			buildSettings = {
				COMBINE_HIDPI_IMAGES = YES;
				FRAMEWORK_SEARCH_PATHS = (
					"$(DEVELOPER_FRAMEWORKS_DIR)",
					"$(inherited)",
				);
				INFOPLIST_FILE = PersistentTests/Info.plist;
				LD_RUNPATH_SEARCH_PATHS = "$(inherited) @executable_path/../Frameworks @loader_path/../Frameworks";
				PRODUCT_NAME = "$(TARGET_NAME)";
			};
			name = Release;
		};
/* End XCBuildConfiguration section */

/* Begin XCConfigurationList section */
		3A29EC4119DC5E0E006643CB /* Build configuration list for PBXProject "Persistent" */ = {
			isa = XCConfigurationList;
			buildConfigurations = (
				3A29EC4B19DC5E0E006643CB /* Debug */,
				3A29EC4C19DC5E0E006643CB /* Release */,
			);
			defaultConfigurationIsVisible = 0;
			defaultConfigurationName = Release;
		};
		3A29EC4D19DC5E0E006643CB /* Build configuration list for PBXNativeTarget "Persistent" */ = {
			isa = XCConfigurationList;
			buildConfigurations = (
				3A29EC4E19DC5E0E006643CB /* Debug */,
				3A29EC4F19DC5E0E006643CB /* Release */,
			);
			defaultConfigurationIsVisible = 0;
			defaultConfigurationName = Release;
		};
		3A588B9919DFD56500746226 /* Build configuration list for PBXNativeTarget "PersistentTests" */ = {
			isa = XCConfigurationList;
			buildConfigurations = (
				3A588B9A19DFD56500746226 /* Debug */,
				3A588B9B19DFD56500746226 /* Release */,
			);
			defaultConfigurationIsVisible = 0;
			defaultConfigurationName = Release;
		};
/* End XCConfigurationList section */
	};
	rootObject = 3A29EC3E19DC5E0E006643CB /* Project object */;
}
